
Microsoft Visual Studio Solution File, Format Version 12.00
# Visual Studio Version 16
VisualStudioVersion = 16.0.29509.3
MinimumVisualStudioVersion = 10.0.40219.1
Project("{FAE04EC0-301F-11D3-BF4B-00C04F79EFBC}") = "JurisTempus", "JurisTempus\JurisTempus.csproj", "{53167BB6-4893-4E4D-AF00-545C133BFC99}"
EndProject
Project("{FAE04EC0-301F-11D3-BF4B-00C04F79EFBC}") = "JurisTempus.Data", "JurisTempus.Data\JurisTempus.Data.csproj", "{3B8A70BE-8EFE-42F4-BA98-56BED3933D3C}"
EndProject
Global
	GlobalSection(SolutionConfigurationPlatforms) = preSolution
		Debug|Any CPU = Debug|Any CPU
		Release|Any CPU = Release|Any CPU
	EndGlobalSection
	GlobalSection(ProjectConfigurationPlatforms) = postSolution
		{53167BB6-4893-4E4D-AF00-545C133BFC99}.Debug|Any CPU.ActiveCfg = Debug|Any CPU
		{53167BB6-4893-4E4D-AF00-545C133BFC99}.Debug|Any CPU.Build.0 = Debug|Any CPU
		{53167BB6-4893-4E4D-AF00-545C133BFC99}.Release|Any CPU.ActiveCfg = Release|Any CPU
		{53167BB6-4893-4E4D-AF00-545C133BFC99}.Release|Any CPU.Build.0 = Release|Any CPU
		{3B8A70BE-8EFE-42F4-BA98-56BED3933D3C}.Debug|Any CPU.ActiveCfg = Debug|Any CPU
		{3B8A70BE-8EFE-42F4-BA98-56BED3933D3C}.Debug|Any CPU.Build.0 = Debug|Any CPU
		{3B8A70BE-8EFE-42F4-BA98-56BED3933D3C}.Release|Any CPU.ActiveCfg = Release|Any CPU
		{3B8A70BE-8EFE-42F4-BA98-56BED3933D3C}.Release|Any CPU.Build.0 = Release|Any CPU
	EndGlobalSection
	GlobalSection(SolutionProperties) = preSolution
		HideSolutionNode = FALSE
	EndGlobalSection
	GlobalSection(ExtensibilityGlobals) = postSolution
		SolutionGuid = {1B2C8513-A57F-4D2C-B397-370A18921A39}
	EndGlobalSection
EndGlobal
